{
  "requires": true,
  "lockfileVersion": 1,
  "dependencies": {
    "argparse": {
      "version": "1.0.10",
      "resolved": "https://registry.npmjs.org/argparse/-/argparse-1.0.10.tgz",
      "integrity": "sha512-o5Roy6tNG4SL/FOkCAN6RzjiakZS25RLYFrcMttJqbdd8BWrnA+fGz57iN5Pb06pvBGvl5gQ0B48dJlslXvoTg==",
      "dev": true,
      "requires": {
        "sprintf-js": "~1.0.2"
      }
    },
    "cubic2quad": {
      "version": "1.1.1",
      "resolved": "https://registry.npmjs.org/cubic2quad/-/cubic2quad-1.1.1.tgz",
      "integrity": "sha1-abGcYaP1tB7PLx1fro+wNBWqixU=",
      "dev": true
    },
    "lodash": {
      "version": "4.17.15",
      "resolved": "https://registry.npmjs.org/lodash/-/lodash-4.17.15.tgz",
      "integrity": "sha512-8xOcRHvCjnocdS5cpwXQXVzmmh5e5+saE2QGoeQmbKmRS6J3VQppPOIt0MnmE+4xlZoumy0GPG0D0MVIQbNA1A==",
      "dev": true
    },
    "microbuffer": {
      "version": "1.0.0",
      "resolved": "https://registry.npmjs.org/microbuffer/-/microbuffer-1.0.0.tgz",
      "integrity": "sha1-izgy7UDIfVH0e7I0kTppinVtGdI=",
      "dev": true
    },
    "sprintf-js": {
      "version": "1.0.3",
      "resolved": "https://registry.npmjs.org/sprintf-js/-/sprintf-js-1.0.3.tgz",
      "integrity": "sha1-BOaSb2YolTVPPdAVIDYzuFcpfiw=",
      "dev": true
    },
    "svg2ttf": {
      "version": "4.3.0",
      "resolved": "https://registry.npmjs.org/svg2ttf/-/svg2ttf-4.3.0.tgz",
      "integrity": "sha512-LZ0B7zzHWLWbzLzwaKGHQvPOuxCXLReIb3LSxFSGUy1gMw2Utk6KGNbTmbmRL6Rk1qDSmTixnDrQgnXaL9n0CA==",
      "dev": true,
      "requires": {
        "argparse": "^1.0.6",
        "cubic2quad": "^1.0.0",
        "lodash": "^4.17.10",
        "microbuffer": "^1.0.0",
        "svgpath": "^2.1.5",
        "xmldom": "~0.1.22"
      }
    },
    "svgpath": {
      "version": "2.2.3",
      "resolved": "https://registry.npmjs.org/svgpath/-/svgpath-2.2.3.tgz",
      "integrity": "sha512-xA0glXYpJ9SYT4JeMp3c0psbqdZsG1c0ywGvdJUPY2FKEgwJV7NgkeYuuQiOxMp+XsK9nCqjm3KDw0LkM1YLXw==",
      "dev": true
    },
    "xmldom": {
      "version": "0.1.31",
      "resolved": "https://registry.npmjs.org/xmldom/-/xmldom-0.1.31.tgz",
      "integrity": "sha512-yS2uJflVQs6n+CyjHoaBmVSqIDevTAWrzMmjG1Gc7h1qQ7uVozNhEPJAwZXWyGQ/Gafo3fCwrcaokezLPupVyQ==",
      "dev": true
    }
  }
}
